
Microsoft Visual Studio Solution File, Format Version 12.00
# Visual Studio 15
VisualStudioVersion = 15.0.27004.2008
MinimumVisualStudioVersion = 10.0.40219.1
Project("{FAE04EC0-301F-11D3-BF4B-00C04F79EFBC}") = "codefirst.model", "codefirst.model\codefirst.model.csproj", "{8AAD292A-3966-445A-958B-ABD714752474}"
EndProject
Project("{E53339B2-1760-4266-BCC7-CA923CBCF16C}") = "docker-compose", "docker-compose.dcproj", "{D8859781-5FBE-449C-89B2-803D0AA6F80E}"
EndProject
Project("{FAE04EC0-301F-11D3-BF4B-00C04F79EFBC}") = "codefirst.data", "codefirst.data\codefirst.data.csproj", "{892835CE-3746-41C3-8778-7E57E9BB493E}"
EndProject
Global
	GlobalSection(SolutionConfigurationPlatforms) = preSolution
		Debug|Any CPU = Debug|Any CPU
		Release|Any CPU = Release|Any CPU
	EndGlobalSection
	GlobalSection(ProjectConfigurationPlatforms) = postSolution
		{8AAD292A-3966-445A-958B-ABD714752474}.Debug|Any CPU.ActiveCfg = Debug|Any CPU
		{8AAD292A-3966-445A-958B-ABD714752474}.Debug|Any CPU.Build.0 = Debug|Any CPU
		{8AAD292A-3966-445A-958B-ABD714752474}.Release|Any CPU.ActiveCfg = Release|Any CPU
		{8AAD292A-3966-445A-958B-ABD714752474}.Release|Any CPU.Build.0 = Release|Any CPU
		{D8859781-5FBE-449C-89B2-803D0AA6F80E}.Debug|Any CPU.ActiveCfg = Debug|Any CPU
		{D8859781-5FBE-449C-89B2-803D0AA6F80E}.Debug|Any CPU.Build.0 = Debug|Any CPU
		{D8859781-5FBE-449C-89B2-803D0AA6F80E}.Release|Any CPU.ActiveCfg = Release|Any CPU
		{D8859781-5FBE-449C-89B2-803D0AA6F80E}.Release|Any CPU.Build.0 = Release|Any CPU
		{892835CE-3746-41C3-8778-7E57E9BB493E}.Debug|Any CPU.ActiveCfg = Debug|Any CPU
		{892835CE-3746-41C3-8778-7E57E9BB493E}.Debug|Any CPU.Build.0 = Debug|Any CPU
		{892835CE-3746-41C3-8778-7E57E9BB493E}.Release|Any CPU.ActiveCfg = Release|Any CPU
		{892835CE-3746-41C3-8778-7E57E9BB493E}.Release|Any CPU.Build.0 = Release|Any CPU
	EndGlobalSection
	GlobalSection(SolutionProperties) = preSolution
		HideSolutionNode = FALSE
	EndGlobalSection
	GlobalSection(ExtensibilityGlobals) = postSolution
		SolutionGuid = {6DACD97C-A89A-420B-94EB-D6747B2E580A}
	EndGlobalSection
EndGlobal
